
Microsoft Visual Studio Solution File, Format Version 12.00
# Visual Studio 15
VisualStudioVersion = 15.0.27428.2037
MinimumVisualStudioVersion = 10.0.40219.1
Project("{FAE04EC0-301F-11D3-BF4B-00C04F79EFBC}") = "Demo", "Demo\Demo.csproj", "{CD86E7B9-EEBE-4171-88AB-DA218589C49E}"
EndProject
Global
	GlobalSection(SolutionConfigurationPlatforms) = preSolution
		Debug|Any CPU = Debug|Any CPU
		Release|Any CPU = Release|Any CPU
	EndGlobalSection
	GlobalSection(ProjectConfigurationPlatforms) = postSolution
		{CD86E7B9-EEBE-4171-88AB-DA218589C49E}.Debug|Any CPU.ActiveCfg = Debug|Any CPU
		{CD86E7B9-EEBE-4171-88AB-DA218589C49E}.Debug|Any CPU.Build.0 = Debug|Any CPU
		{CD86E7B9-EEBE-4171-88AB-DA218589C49E}.Release|Any CPU.ActiveCfg = Release|Any CPU
		{CD86E7B9-EEBE-4171-88AB-DA218589C49E}.Release|Any CPU.Build.0 = Release|Any CPU
	EndGlobalSection
	GlobalSection(SolutionProperties) = preSolution
		HideSolutionNode = FALSE
	EndGlobalSection
	GlobalSection(ExtensibilityGlobals) = postSolution
		SolutionGuid = {B277A132-FCA8-4440-BCCD-568190371999}
	EndGlobalSection
EndGlobal
